
Microsoft Visual Studio Solution File, Format Version 9.00
# Visual Studio 2005
Project("{8BC9CEB8-8B4A-11D0-8D11-00A0C91BC942}") = "GetAdapterInfo", "GetAdapterInfo\GetAdapterInfo.vcproj", "{34579783-14A8-4AA7-BE52-3AB51A1EC76F}"
EndProject
Project("{8BC9CEB8-8B4A-11D0-8D11-00A0C91BC942}") = "Exam_Call", "..\Exam_Call\Exam_Call\Exam_Call.vcproj", "{9F606FB4-B5D9-4F01-9601-AE7BB40919D6}"
EndProject
Global
	GlobalSection(SolutionConfigurationPlatforms) = preSolution
		Debug|Win32 = Debug|Win32
		Release|Win32 = Release|Win32
	EndGlobalSection
	GlobalSection(ProjectConfigurationPlatforms) = postSolution
		{34579783-14A8-4AA7-BE52-3AB51A1EC76F}.Debug|Win32.ActiveCfg = Debug|Win32
		{34579783-14A8-4AA7-BE52-3AB51A1EC76F}.Debug|Win32.Build.0 = Debug|Win32
		{34579783-14A8-4AA7-BE52-3AB51A1EC76F}.Release|Win32.ActiveCfg = Release|Win32
		{34579783-14A8-4AA7-BE52-3AB51A1EC76F}.Release|Win32.Build.0 = Release|Win32
		{9F606FB4-B5D9-4F01-9601-AE7BB40919D6}.Debug|Win32.ActiveCfg = Debug|Win32
		{9F606FB4-B5D9-4F01-9601-AE7BB40919D6}.Debug|Win32.Build.0 = Debug|Win32
		{9F606FB4-B5D9-4F01-9601-AE7BB40919D6}.Release|Win32.ActiveCfg = Release|Win32
		{9F606FB4-B5D9-4F01-9601-AE7BB40919D6}.Release|Win32.Build.0 = Release|Win32
	EndGlobalSection
	GlobalSection(SolutionProperties) = preSolution
		HideSolutionNode = FALSE
	EndGlobalSection
EndGlobal
